
Microsoft Visual Studio Solution File, Format Version 12.00
# Visual Studio Version 16
VisualStudioVersion = 16.0.31515.178
MinimumVisualStudioVersion = 10.0.40219.1
Project("{FAE04EC0-301F-11D3-BF4B-00C04F79EFBC}") = "AspCoreProjeKampi", "AspCoreProjeKampi\AspCoreProjeKampi.csproj", "{C9E1F964-69D8-4197-A1AB-A765E406E461}"
EndProject
Project("{FAE04EC0-301F-11D3-BF4B-00C04F79EFBC}") = "EntityLayer", "EntityLayer\EntityLayer.csproj", "{22854C09-4017-433D-84A5-4DF5AA345FC8}"
EndProject
Project("{FAE04EC0-301F-11D3-BF4B-00C04F79EFBC}") = "DataAccessLayer", "DataAccessLayer\DataAccessLayer.csproj", "{08BC64A7-AC44-4CD9-906B-24746CED50C2}"
EndProject
Project("{FAE04EC0-301F-11D3-BF4B-00C04F79EFBC}") = "BusinessLayer", "BusinessLayer\BusinessLayer.csproj", "{2BA82418-6E31-4A6B-93E5-DB5B0E8133CA}"
EndProject
Project("{FAE04EC0-301F-11D3-BF4B-00C04F79EFBC}") = "CoreLayer", "CoreLayer\CoreLayer.csproj", "{0B25E1D5-930B-4968-9348-E9E3E10434A4}"
EndProject
Global
	GlobalSection(SolutionConfigurationPlatforms) = preSolution
		Debug|Any CPU = Debug|Any CPU
		Release|Any CPU = Release|Any CPU
	EndGlobalSection
	GlobalSection(ProjectConfigurationPlatforms) = postSolution
		{C9E1F964-69D8-4197-A1AB-A765E406E461}.Debug|Any CPU.ActiveCfg = Debug|Any CPU
		{C9E1F964-69D8-4197-A1AB-A765E406E461}.Debug|Any CPU.Build.0 = Debug|Any CPU
		{C9E1F964-69D8-4197-A1AB-A765E406E461}.Release|Any CPU.ActiveCfg = Release|Any CPU
		{C9E1F964-69D8-4197-A1AB-A765E406E461}.Release|Any CPU.Build.0 = Release|Any CPU
		{22854C09-4017-433D-84A5-4DF5AA345FC8}.Debug|Any CPU.ActiveCfg = Debug|Any CPU
		{22854C09-4017-433D-84A5-4DF5AA345FC8}.Debug|Any CPU.Build.0 = Debug|Any CPU
		{22854C09-4017-433D-84A5-4DF5AA345FC8}.Release|Any CPU.ActiveCfg = Release|Any CPU
		{22854C09-4017-433D-84A5-4DF5AA345FC8}.Release|Any CPU.Build.0 = Release|Any CPU
		{08BC64A7-AC44-4CD9-906B-24746CED50C2}.Debug|Any CPU.ActiveCfg = Debug|Any CPU
		{08BC64A7-AC44-4CD9-906B-24746CED50C2}.Debug|Any CPU.Build.0 = Debug|Any CPU
		{08BC64A7-AC44-4CD9-906B-24746CED50C2}.Release|Any CPU.ActiveCfg = Release|Any CPU
		{08BC64A7-AC44-4CD9-906B-24746CED50C2}.Release|Any CPU.Build.0 = Release|Any CPU
		{2BA82418-6E31-4A6B-93E5-DB5B0E8133CA}.Debug|Any CPU.ActiveCfg = Debug|Any CPU
		{2BA82418-6E31-4A6B-93E5-DB5B0E8133CA}.Debug|Any CPU.Build.0 = Debug|Any CPU
		{2BA82418-6E31-4A6B-93E5-DB5B0E8133CA}.Release|Any CPU.ActiveCfg = Release|Any CPU
		{2BA82418-6E31-4A6B-93E5-DB5B0E8133CA}.Release|Any CPU.Build.0 = Release|Any CPU
		{0B25E1D5-930B-4968-9348-E9E3E10434A4}.Debug|Any CPU.ActiveCfg = Debug|Any CPU
		{0B25E1D5-930B-4968-9348-E9E3E10434A4}.Debug|Any CPU.Build.0 = Debug|Any CPU
		{0B25E1D5-930B-4968-9348-E9E3E10434A4}.Release|Any CPU.ActiveCfg = Release|Any CPU
		{0B25E1D5-930B-4968-9348-E9E3E10434A4}.Release|Any CPU.Build.0 = Release|Any CPU
	EndGlobalSection
	GlobalSection(SolutionProperties) = preSolution
		HideSolutionNode = FALSE
	EndGlobalSection
	GlobalSection(ExtensibilityGlobals) = postSolution
		SolutionGuid = {DE8B2668-9F7B-42D4-BE0C-A706F3CB7844}
	EndGlobalSection
EndGlobal
